github.com/openai/openai-go v0.11.0 h1:xxxxxxxxxxxxxxxxxxxxxxxxxxxxxxxxxxxxxxxxxxx
github.com/openai/openai-go v0.11.0/go.mod h1:xxxxxxxxxxxxxxxxxxxxxxxxxxxxxxxxxxxxxxxxxxx
github.com/aperture-io/api-go v0.3.2 h1:xxxxxxxxxxxxxxxxxxxxxxxxxxxxxxxxxxxxxxxxxxx
github.com/aperture-io/api-go v0.3.2/go.mod h1:xxxxxxxxxxxxxxxxxxxxxxxxxxxxxxxxxxxxxxxxxxx
github.com/lightningnetwork/lnd v0.13.0-beta h1:xxxxxxxxxxxxxxxxxxxxxxxxxxxxxxxxxxxxxxxxxxx
github.com/lightningnetwork/lnd v0.13.0-beta/go.mod h1:xxxxxxxxxxxxxxxxxxxxxxxxxxxxxxxxxxxxxxxxxxx
